
Microsoft Visual Studio Solution File, Format Version 10.00
# Visual Studio 2008
Project("{8BC9CEB8-8B4A-11D0-8D11-00A0C91BC942}") = "MySQL_Test", "MySQL_Test\MySQL_Test.vcproj", "{FF192CED-B92E-41EB-8D31-10F69D27049B}"
EndProject
Global
	GlobalSection(SolutionConfigurationPlatforms) = preSolution
		Debug|Win32 = Debug|Win32
		Release|Win32 = Release|Win32
	EndGlobalSection
	GlobalSection(ProjectConfigurationPlatforms) = postSolution
		{FF192CED-B92E-41EB-8D31-10F69D27049B}.Debug|Win32.ActiveCfg = Debug|Win32
		{FF192CED-B92E-41EB-8D31-10F69D27049B}.Debug|Win32.Build.0 = Debug|Win32
		{FF192CED-B92E-41EB-8D31-10F69D27049B}.Release|Win32.ActiveCfg = Release|Win32
		{FF192CED-B92E-41EB-8D31-10F69D27049B}.Release|Win32.Build.0 = Release|Win32
	EndGlobalSection
	GlobalSection(SolutionProperties) = preSolution
		HideSolutionNode = FALSE
	EndGlobalSection
EndGlobal
